
Microsoft Visual Studio Solution File, Format Version 12.00
# Visual Studio Version 16
VisualStudioVersion = 16.0.32602.291
MinimumVisualStudioVersion = 10.0.40219.1
Project("{9A19103F-16F7-4668-BE54-9A1E7A4F7556}") = "Wombat.IndustrialCommunication", "Wombat.IndustrialCommunication\Wombat.IndustrialCommunication.csproj", "{B70B2536-51F1-4851-BCBF-6753422D2A89}"
EndProject
Project("{9A19103F-16F7-4668-BE54-9A1E7A4F7556}") = "Wombat.IndustrialCommunicationTestProject", "Wombat.IndustrialCommunicationTestProject\Wombat.IndustrialCommunicationTestProject.csproj", "{0CCDCE17-C507-4429-8633-0B8C0EB90138}"
EndProject
Project("{9A19103F-16F7-4668-BE54-9A1E7A4F7556}") = "Wombat.Network", "..\..\Wombat.Network\Wombat.Network\Wombat.Network\Wombat.Network.csproj", "{028FAE4C-872E-424D-8FD4-991893AF647C}"
EndProject
Global
	GlobalSection(SolutionConfigurationPlatforms) = preSolution
		Debug|Any CPU = Debug|Any CPU
		Release|Any CPU = Release|Any CPU
	EndGlobalSection
	GlobalSection(ProjectConfigurationPlatforms) = postSolution
		{B70B2536-51F1-4851-BCBF-6753422D2A89}.Debug|Any CPU.ActiveCfg = Debug|Any CPU
		{B70B2536-51F1-4851-BCBF-6753422D2A89}.Debug|Any CPU.Build.0 = Debug|Any CPU
		{B70B2536-51F1-4851-BCBF-6753422D2A89}.Release|Any CPU.ActiveCfg = Release|Any CPU
		{B70B2536-51F1-4851-BCBF-6753422D2A89}.Release|Any CPU.Build.0 = Release|Any CPU
		{0CCDCE17-C507-4429-8633-0B8C0EB90138}.Debug|Any CPU.ActiveCfg = Debug|Any CPU
		{0CCDCE17-C507-4429-8633-0B8C0EB90138}.Debug|Any CPU.Build.0 = Debug|Any CPU
		{0CCDCE17-C507-4429-8633-0B8C0EB90138}.Release|Any CPU.ActiveCfg = Release|Any CPU
		{0CCDCE17-C507-4429-8633-0B8C0EB90138}.Release|Any CPU.Build.0 = Release|Any CPU
		{028FAE4C-872E-424D-8FD4-991893AF647C}.Debug|Any CPU.ActiveCfg = Debug|Any CPU
		{028FAE4C-872E-424D-8FD4-991893AF647C}.Debug|Any CPU.Build.0 = Debug|Any CPU
		{028FAE4C-872E-424D-8FD4-991893AF647C}.Release|Any CPU.ActiveCfg = Release|Any CPU
		{028FAE4C-872E-424D-8FD4-991893AF647C}.Release|Any CPU.Build.0 = Release|Any CPU
	EndGlobalSection
	GlobalSection(SolutionProperties) = preSolution
		HideSolutionNode = FALSE
	EndGlobalSection
	GlobalSection(ExtensibilityGlobals) = postSolution
		SolutionGuid = {4AF72DE7-DDE6-4F54-A893-D285BC2BE819}
	EndGlobalSection
EndGlobal
