Microsoft Visual Studio Solution File, Format Version 12.00
# Visual Studio Version 17
VisualStudioVersion = 17.5.2.0
MinimumVisualStudioVersion = 10.0.40219.1
Project("{FAE04EC0-301F-11D3-BF4B-00C04F79EFBC}") = "Wombat.IndustrialCommunication", "Wombat.IndustrialCommunication.csproj", "{DC327781-8678-C307-C15B-9B58BB917A90}"
EndProject
Global
	GlobalSection(SolutionConfigurationPlatforms) = preSolution
		Debug|Any CPU = Debug|Any CPU
		Release|Any CPU = Release|Any CPU
	EndGlobalSection
	GlobalSection(ProjectConfigurationPlatforms) = postSolution
		{DC327781-8678-C307-C15B-9B58BB917A90}.Debug|Any CPU.ActiveCfg = Debug|Any CPU
		{DC327781-8678-C307-C15B-9B58BB917A90}.Debug|Any CPU.Build.0 = Debug|Any CPU
		{DC327781-8678-C307-C15B-9B58BB917A90}.Release|Any CPU.ActiveCfg = Release|Any CPU
		{DC327781-8678-C307-C15B-9B58BB917A90}.Release|Any CPU.Build.0 = Release|Any CPU
	EndGlobalSection
	GlobalSection(SolutionProperties) = preSolution
		HideSolutionNode = FALSE
	EndGlobalSection
	GlobalSection(ExtensibilityGlobals) = postSolution
		SolutionGuid = {B6AD0FA1-F2D8-43C4-8A22-B24F797A8B6F}
	EndGlobalSection
EndGlobal
